// !$*UTF8*$!
{
	archiveVersion = 1;
	classes = {
	};
	objectVersion = 56;
	objects = {

/* Begin PBXBuildFile section */
		4CCE7C7129BCC399004543F2 /* AppDelegate.swift in Sources */ = {isa = PBXBuildFile; fileRef = 4CCE7C7029BCC399004543F2 /* AppDelegate.swift */; };
		4CCE7C7329BCC399004543F2 /* SceneDelegate.swift in Sources */ = {isa = PBXBuildFile; fileRef = 4CCE7C7229BCC399004543F2 /* SceneDelegate.swift */; };
		4CCE7C7B29BCC399004543F2 /* MedicinalReminder.xcdatamodeld in Sources */ = {isa = PBXBuildFile; fileRef = 4CCE7C7929BCC399004543F2 /* MedicinalReminder.xcdatamodeld */; };
		4CCE7C7D29BCC39B004543F2 /* Assets.xcassets in Resources */ = {isa = PBXBuildFile; fileRef = 4CCE7C7C29BCC39B004543F2 /* Assets.xcassets */; };
		4CCE7C8029BCC39B004543F2 /* LaunchScreen.storyboard in Resources */ = {isa = PBXBuildFile; fileRef = 4CCE7C7E29BCC39B004543F2 /* LaunchScreen.storyboard */; };
		4CCE7C8829BCC3B3004543F2 /* .gitignore in Resources */ = {isa = PBXBuildFile; fileRef = 4CCE7C8729BCC3B2004543F2 /* .gitignore */; };
		4CCE7C8D29BCC65F004543F2 /* ReminderVC.swift in Sources */ = {isa = PBXBuildFile; fileRef = 4CCE7C8A29BCC65F004543F2 /* ReminderVC.swift */; };
		4CCE7C8E29BCC65F004543F2 /* TotalVC.swift in Sources */ = {isa = PBXBuildFile; fileRef = 4CCE7C8B29BCC65F004543F2 /* TotalVC.swift */; };
		4CCE7C8F29BCC65F004543F2 /* TodayVC.swift in Sources */ = {isa = PBXBuildFile; fileRef = 4CCE7C8C29BCC65F004543F2 /* TodayVC.swift */; };
		4CCE7C9129BCC66F004543F2 /* Constants.swift in Sources */ = {isa = PBXBuildFile; fileRef = 4CCE7C9029BCC66F004543F2 /* Constants.swift */; };
		4CCE7C9329BCC6A4004543F2 /* Main.storyboard in Resources */ = {isa = PBXBuildFile; fileRef = 4CCE7C9229BCC6A4004543F2 /* Main.storyboard */; };
		551E2D993D2EC82A6D83267B /* Pods_MedicinalReminder.framework in Frameworks */ = {isa = PBXBuildFile; fileRef = 8B9CAD74DF3A3738BFFEB527 /* Pods_MedicinalReminder.framework */; };
/* End PBXBuildFile section */

/* Begin PBXFileReference section */
		2363F44D84F028C8FE1C7791 /* Pods-MedicinalReminder.release.xcconfig */ = {isa = PBXFileReference; includeInIndex = 1; lastKnownFileType = text.xcconfig; name = "Pods-MedicinalReminder.release.xcconfig"; path = "Target Support Files/Pods-MedicinalReminder/Pods-MedicinalReminder.release.xcconfig"; sourceTree = "<group>"; };
		4CCE7C6D29BCC399004543F2 /* MedicinalReminder.app */ = {isa = PBXFileReference; explicitFileType = wrapper.application; includeInIndex = 0; path = MedicinalReminder.app; sourceTree = BUILT_PRODUCTS_DIR; };
		4CCE7C7029BCC399004543F2 /* AppDelegate.swift */ = {isa = PBXFileReference; lastKnownFileType = sourcecode.swift; path = AppDelegate.swift; sourceTree = "<group>"; };
		4CCE7C7229BCC399004543F2 /* SceneDelegate.swift */ = {isa = PBXFileReference; lastKnownFileType = sourcecode.swift; path = SceneDelegate.swift; sourceTree = "<group>"; };
		4CCE7C7A29BCC399004543F2 /* MedicinalReminder.xcdatamodel */ = {isa = PBXFileReference; lastKnownFileType = wrapper.xcdatamodel; path = MedicinalReminder.xcdatamodel; sourceTree = "<group>"; };
		4CCE7C7C29BCC39B004543F2 /* Assets.xcassets */ = {isa = PBXFileReference; lastKnownFileType = folder.assetcatalog; path = Assets.xcassets; sourceTree = "<group>"; };
		4CCE7C7F29BCC39B004543F2 /* Base */ = {isa = PBXFileReference; lastKnownFileType = file.storyboard; name = Base; path = Base.lproj/LaunchScreen.storyboard; sourceTree = "<group>"; };
		4CCE7C8129BCC39B004543F2 /* Info.plist */ = {isa = PBXFileReference; lastKnownFileType = text.plist.xml; path = Info.plist; sourceTree = "<group>"; };
		4CCE7C8729BCC3B2004543F2 /* .gitignore */ = {isa = PBXFileReference; fileEncoding = 4; lastKnownFileType = text; path = .gitignore; sourceTree = "<group>"; };
		4CCE7C8A29BCC65F004543F2 /* ReminderVC.swift */ = {isa = PBXFileReference; fileEncoding = 4; lastKnownFileType = sourcecode.swift; path = ReminderVC.swift; sourceTree = "<group>"; };
		4CCE7C8B29BCC65F004543F2 /* TotalVC.swift */ = {isa = PBXFileReference; fileEncoding = 4; lastKnownFileType = sourcecode.swift; path = TotalVC.swift; sourceTree = "<group>"; };
		4CCE7C8C29BCC65F004543F2 /* TodayVC.swift */ = {isa = PBXFileReference; fileEncoding = 4; lastKnownFileType = sourcecode.swift; path = TodayVC.swift; sourceTree = "<group>"; };
		4CCE7C9029BCC66F004543F2 /* Constants.swift */ = {isa = PBXFileReference; fileEncoding = 4; lastKnownFileType = sourcecode.swift; path = Constants.swift; sourceTree = "<group>"; };
		4CCE7C9229BCC6A4004543F2 /* Main.storyboard */ = {isa = PBXFileReference; fileEncoding = 4; lastKnownFileType = file.storyboard; path = Main.storyboard; sourceTree = "<group>"; };
		8B9CAD74DF3A3738BFFEB527 /* Pods_MedicinalReminder.framework */ = {isa = PBXFileReference; explicitFileType = wrapper.framework; includeInIndex = 0; path = Pods_MedicinalReminder.framework; sourceTree = BUILT_PRODUCTS_DIR; };
		E5CC7BC6976CE849DF20D3D8 /* Pods-MedicinalReminder.debug.xcconfig */ = {isa = PBXFileReference; includeInIndex = 1; lastKnownFileType = text.xcconfig; name = "Pods-MedicinalReminder.debug.xcconfig"; path = "Target Support Files/Pods-MedicinalReminder/Pods-MedicinalReminder.debug.xcconfig"; sourceTree = "<group>"; };
/* End PBXFileReference section */

/* Begin PBXFrameworksBuildPhase section */
		4CCE7C6A29BCC399004543F2 /* Frameworks */ = {
			isa = PBXFrameworksBuildPhase;
			buildActionMask = 2147483647;
			files = (
				551E2D993D2EC82A6D83267B /* Pods_MedicinalReminder.framework in Frameworks */,
			);
			runOnlyForDeploymentPostprocessing = 0;
		};
/* End PBXFrameworksBuildPhase section */

/* Begin PBXGroup section */
		3D711847C877DB2DADEBA124 /* Frameworks */ = {
			isa = PBXGroup;
			children = (
				8B9CAD74DF3A3738BFFEB527 /* Pods_MedicinalReminder.framework */,
			);
			name = Frameworks;
			sourceTree = "<group>";
		};
		4CCE7C6429BCC399004543F2 = {
			isa = PBXGroup;
			children = (
				4CCE7C8729BCC3B2004543F2 /* .gitignore */,
				4CCE7C6F29BCC399004543F2 /* MedicinalReminder */,
				4CCE7C6E29BCC399004543F2 /* Products */,
				A8D7CEA9704C215744D4A7D1 /* Pods */,
				3D711847C877DB2DADEBA124 /* Frameworks */,
			);
			sourceTree = "<group>";
		};
		4CCE7C6E29BCC399004543F2 /* Products */ = {
			isa = PBXGroup;
			children = (
				4CCE7C6D29BCC399004543F2 /* MedicinalReminder.app */,
			);
			name = Products;
			sourceTree = "<group>";
		};
		4CCE7C6F29BCC399004543F2 /* MedicinalReminder */ = {
			isa = PBXGroup;
			children = (
				4CCE7C7029BCC399004543F2 /* AppDelegate.swift */,
				4CCE7C7229BCC399004543F2 /* SceneDelegate.swift */,
				4CCE7C9029BCC66F004543F2 /* Constants.swift */,
				4CCE7C8929BCC65F004543F2 /* Reminder */,
				4CCE7C9229BCC6A4004543F2 /* Main.storyboard */,
				4CCE7C7C29BCC39B004543F2 /* Assets.xcassets */,
				4CCE7C7E29BCC39B004543F2 /* LaunchScreen.storyboard */,
				4CCE7C8129BCC39B004543F2 /* Info.plist */,
				4CCE7C7929BCC399004543F2 /* MedicinalReminder.xcdatamodeld */,
			);
			path = MedicinalReminder;
			sourceTree = "<group>";
		};
		4CCE7C8929BCC65F004543F2 /* Reminder */ = {
			isa = PBXGroup;
			children = (
				4CCE7C8A29BCC65F004543F2 /* ReminderVC.swift */,
				4CCE7C8B29BCC65F004543F2 /* TotalVC.swift */,
				4CCE7C8C29BCC65F004543F2 /* TodayVC.swift */,
			);
			path = Reminder;
			sourceTree = "<group>";
		};
		A8D7CEA9704C215744D4A7D1 /* Pods */ = {
			isa = PBXGroup;
			children = (
				E5CC7BC6976CE849DF20D3D8 /* Pods-MedicinalReminder.debug.xcconfig */,
				2363F44D84F028C8FE1C7791 /* Pods-MedicinalReminder.release.xcconfig */,
			);
			path = Pods;
			sourceTree = "<group>";
		};
/* End PBXGroup section */

/* Begin PBXNativeTarget section */
		4CCE7C6C29BCC399004543F2 /* MedicinalReminder */ = {
			isa = PBXNativeTarget;
			buildConfigurationList = 4CCE7C8429BCC39B004543F2 /* Build configuration list for PBXNativeTarget "MedicinalReminder" */;
			buildPhases = (
				A16B6B3F4FE329B9A3C8E912 /* [CP] Check Pods Manifest.lock */,
				4CCE7C6929BCC399004543F2 /* Sources */,
				4CCE7C6A29BCC399004543F2 /* Frameworks */,
				4CCE7C6B29BCC399004543F2 /* Resources */,
				6B403DA50811A327CB54E414 /* [CP] Embed Pods Frameworks */,
			);
			buildRules = (
			);
			dependencies = (
			);
			name = MedicinalReminder;
			productName = MedicinalReminder;
			productReference = 4CCE7C6D29BCC399004543F2 /* MedicinalReminder.app */;
			productType = "com.apple.product-type.application";
		};
/* End PBXNativeTarget section */

/* Begin PBXProject section */
		4CCE7C6529BCC399004543F2 /* Project object */ = {
			isa = PBXProject;
			attributes = {
				BuildIndependentTargetsInParallel = 1;
				LastSwiftUpdateCheck = 1420;
				LastUpgradeCheck = 1420;
				TargetAttributes = {
					4CCE7C6C29BCC399004543F2 = {
						CreatedOnToolsVersion = 14.2;
					};
				};
			};
			buildConfigurationList = 4CCE7C6829BCC399004543F2 /* Build configuration list for PBXProject "MedicinalReminder" */;
			compatibilityVersion = "Xcode 14.0";
			developmentRegion = en;
			hasScannedForEncodings = 0;
			knownRegions = (
				en,
				Base,
			);
			mainGroup = 4CCE7C6429BCC399004543F2;
			productRefGroup = 4CCE7C6E29BCC399004543F2 /* Products */;
			projectDirPath = "";
			projectRoot = "";
			targets = (
				4CCE7C6C29BCC399004543F2 /* MedicinalReminder */,
			);
		};
/* End PBXProject section */

/* Begin PBXResourcesBuildPhase section */
		4CCE7C6B29BCC399004543F2 /* Resources */ = {
			isa = PBXResourcesBuildPhase;
			buildActionMask = 2147483647;
			files = (
				4CCE7C8829BCC3B3004543F2 /* .gitignore in Resources */,
				4CCE7C8029BCC39B004543F2 /* LaunchScreen.storyboard in Resources */,
				4CCE7C7D29BCC39B004543F2 /* Assets.xcassets in Resources */,
				4CCE7C9329BCC6A4004543F2 /* Main.storyboard in Resources */,
			);
			runOnlyForDeploymentPostprocessing = 0;
		};
/* End PBXResourcesBuildPhase section */

/* Begin PBXShellScriptBuildPhase section */
		6B403DA50811A327CB54E414 /* [CP] Embed Pods Frameworks */ = {
			isa = PBXShellScriptBuildPhase;
			buildActionMask = 2147483647;
			files = (
			);
			inputFileListPaths = (
				"${PODS_ROOT}/Target Support Files/Pods-MedicinalReminder/Pods-MedicinalReminder-frameworks-${CONFIGURATION}-input-files.xcfilelist",
			);
			name = "[CP] Embed Pods Frameworks";
			outputFileListPaths = (
				"${PODS_ROOT}/Target Support Files/Pods-MedicinalReminder/Pods-MedicinalReminder-frameworks-${CONFIGURATION}-output-files.xcfilelist",
			);
			runOnlyForDeploymentPostprocessing = 0;
			shellPath = /bin/sh;
			shellScript = "\"${PODS_ROOT}/Target Support Files/Pods-MedicinalReminder/Pods-MedicinalReminder-frameworks.sh\"\n";
			showEnvVarsInLog = 0;
		};
		A16B6B3F4FE329B9A3C8E912 /* [CP] Check Pods Manifest.lock */ = {
			isa = PBXShellScriptBuildPhase;
			buildActionMask = 2147483647;
			files = (
			);
			inputFileListPaths = (
			);
			inputPaths = (
				"${PODS_PODFILE_DIR_PATH}/Podfile.lock",
				"${PODS_ROOT}/Manifest.lock",
			);
			name = "[CP] Check Pods Manifest.lock";
			outputFileListPaths = (
			);
			outputPaths = (
				"$(DERIVED_FILE_DIR)/Pods-MedicinalReminder-checkManifestLockResult.txt",
			);
			runOnlyForDeploymentPostprocessing = 0;
			shellPath = /bin/sh;
			shellScript = "diff \"${PODS_PODFILE_DIR_PATH}/Podfile.lock\" \"${PODS_ROOT}/Manifest.lock\" > /dev/null\nif [ $? != 0 ] ; then\n    # print error to STDERR\n    echo \"error: The sandbox is not in sync with the Podfile.lock. Run 'pod install' or update your CocoaPods installation.\" >&2\n    exit 1\nfi\n# This output is used by Xcode 'outputs' to avoid re-running this script phase.\necho \"SUCCESS\" > \"${SCRIPT_OUTPUT_FILE_0}\"\n";
			showEnvVarsInLog = 0;
		};
/* End PBXShellScriptBuildPhase section */

/* Begin PBXSourcesBuildPhase section */
		4CCE7C6929BCC399004543F2 /* Sources */ = {
			isa = PBXSourcesBuildPhase;
			buildActionMask = 2147483647;
			files = (
				4CCE7C8F29BCC65F004543F2 /* TodayVC.swift in Sources */,
				4CCE7C7129BCC399004543F2 /* AppDelegate.swift in Sources */,
				4CCE7C7B29BCC399004543F2 /* MedicinalReminder.xcdatamodeld in Sources */,
				4CCE7C8E29BCC65F004543F2 /* TotalVC.swift in Sources */,
				4CCE7C8D29BCC65F004543F2 /* ReminderVC.swift in Sources */,
				4CCE7C7329BCC399004543F2 /* SceneDelegate.swift in Sources */,
				4CCE7C9129BCC66F004543F2 /* Constants.swift in Sources */,
			);
			runOnlyForDeploymentPostprocessing = 0;
		};
/* End PBXSourcesBuildPhase section */

/* Begin PBXVariantGroup section */
		4CCE7C7E29BCC39B004543F2 /* LaunchScreen.storyboard */ = {
			isa = PBXVariantGroup;
			children = (
				4CCE7C7F29BCC39B004543F2 /* Base */,
			);
			name = LaunchScreen.storyboard;
			sourceTree = "<group>";
		};
/* End PBXVariantGroup section */

/* Begin XCBuildConfiguration section */
		4CCE7C8229BCC39B004543F2 /* Debug */ = {
			isa = XCBuildConfiguration;
			buildSettings = {
				ALWAYS_SEARCH_USER_PATHS = NO;
				CLANG_ANALYZER_NONNULL = YES;
				CLANG_ANALYZER_NUMBER_OBJECT_CONVERSION = YES_AGGRESSIVE;
				CLANG_CXX_LANGUAGE_STANDARD = "gnu++20";
				CLANG_ENABLE_MODULES = YES;
				CLANG_ENABLE_OBJC_ARC = YES;
				CLANG_ENABLE_OBJC_WEAK = YES;
				CLANG_WARN_BLOCK_CAPTURE_AUTORELEASING = YES;
				CLANG_WARN_BOOL_CONVERSION = YES;
				CLANG_WARN_COMMA = YES;
				CLANG_WARN_CONSTANT_CONVERSION = YES;
				CLANG_WARN_DEPRECATED_OBJC_IMPLEMENTATIONS = YES;
				CLANG_WARN_DIRECT_OBJC_ISA_USAGE = YES_ERROR;
				CLANG_WARN_DOCUMENTATION_COMMENTS = YES;
				CLANG_WARN_EMPTY_BODY = YES;
				CLANG_WARN_ENUM_CONVERSION = YES;
				CLANG_WARN_INFINITE_RECURSION = YES;
				CLANG_WARN_INT_CONVERSION = YES;
				CLANG_WARN_NON_LITERAL_NULL_CONVERSION = YES;
				CLANG_WARN_OBJC_IMPLICIT_RETAIN_SELF = YES;
				CLANG_WARN_OBJC_LITERAL_CONVERSION = YES;
				CLANG_WARN_OBJC_ROOT_CLASS = YES_ERROR;
				CLANG_WARN_QUOTED_INCLUDE_IN_FRAMEWORK_HEADER = YES;
				CLANG_WARN_RANGE_LOOP_ANALYSIS = YES;
				CLANG_WARN_STRICT_PROTOTYPES = YES;
				CLANG_WARN_SUSPICIOUS_MOVE = YES;
				CLANG_WARN_UNGUARDED_AVAILABILITY = YES_AGGRESSIVE;
				CLANG_WARN_UNREACHABLE_CODE = YES;
				CLANG_WARN__DUPLICATE_METHOD_MATCH = YES;
				COPY_PHASE_STRIP = NO;
				DEBUG_INFORMATION_FORMAT = dwarf;
				ENABLE_STRICT_OBJC_MSGSEND = YES;
				ENABLE_TESTABILITY = YES;
				GCC_C_LANGUAGE_STANDARD = gnu11;
				GCC_DYNAMIC_NO_PIC = NO;
				GCC_NO_COMMON_BLOCKS = YES;
				GCC_OPTIMIZATION_LEVEL = 0;
				GCC_PREPROCESSOR_DEFINITIONS = (
					"DEBUG=1",
					"$(inherited)",
				);
				GCC_WARN_64_TO_32_BIT_CONVERSION = YES;
				GCC_WARN_ABOUT_RETURN_TYPE = YES_ERROR;
				GCC_WARN_UNDECLARED_SELECTOR = YES;
				GCC_WARN_UNINITIALIZED_AUTOS = YES_AGGRESSIVE;
				GCC_WARN_UNUSED_FUNCTION = YES;
				GCC_WARN_UNUSED_VARIABLE = YES;
				IPHONEOS_DEPLOYMENT_TARGET = 16.2;
				MTL_ENABLE_DEBUG_INFO = INCLUDE_SOURCE;
				MTL_FAST_MATH = YES;
				ONLY_ACTIVE_ARCH = YES;
				SDKROOT = iphoneos;
				SWIFT_ACTIVE_COMPILATION_CONDITIONS = DEBUG;
				SWIFT_OPTIMIZATION_LEVEL = "-Onone";
			};
			name = Debug;
		};
		4CCE7C8329BCC39B004543F2 /* Release */ = {
			isa = XCBuildConfiguration;
			buildSettings = {
				ALWAYS_SEARCH_USER_PATHS = NO;
				CLANG_ANALYZER_NONNULL = YES;
				CLANG_ANALYZER_NUMBER_OBJECT_CONVERSION = YES_AGGRESSIVE;
				CLANG_CXX_LANGUAGE_STANDARD = "gnu++20";
				CLANG_ENABLE_MODULES = YES;
				CLANG_ENABLE_OBJC_ARC = YES;
				CLANG_ENABLE_OBJC_WEAK = YES;
				CLANG_WARN_BLOCK_CAPTURE_AUTORELEASING = YES;
				CLANG_WARN_BOOL_CONVERSION = YES;
				CLANG_WARN_COMMA = YES;
				CLANG_WARN_CONSTANT_CONVERSION = YES;
				CLANG_WARN_DEPRECATED_OBJC_IMPLEMENTATIONS = YES;
				CLANG_WARN_DIRECT_OBJC_ISA_USAGE = YES_ERROR;
				CLANG_WARN_DOCUMENTATION_COMMENTS = YES;
				CLANG_WARN_EMPTY_BODY = YES;
				CLANG_WARN_ENUM_CONVERSION = YES;
				CLANG_WARN_INFINITE_RECURSION = YES;
				CLANG_WARN_INT_CONVERSION = YES;
				CLANG_WARN_NON_LITERAL_NULL_CONVERSION = YES;
				CLANG_WARN_OBJC_IMPLICIT_RETAIN_SELF = YES;
				CLANG_WARN_OBJC_LITERAL_CONVERSION = YES;
				CLANG_WARN_OBJC_ROOT_CLASS = YES_ERROR;
				CLANG_WARN_QUOTED_INCLUDE_IN_FRAMEWORK_HEADER = YES;
				CLANG_WARN_RANGE_LOOP_ANALYSIS = YES;
				CLANG_WARN_STRICT_PROTOTYPES = YES;
				CLANG_WARN_SUSPICIOUS_MOVE = YES;
				CLANG_WARN_UNGUARDED_AVAILABILITY = YES_AGGRESSIVE;
				CLANG_WARN_UNREACHABLE_CODE = YES;
				CLANG_WARN__DUPLICATE_METHOD_MATCH = YES;
				COPY_PHASE_STRIP = NO;
				DEBUG_INFORMATION_FORMAT = "dwarf-with-dsym";
				ENABLE_NS_ASSERTIONS = NO;
				ENABLE_STRICT_OBJC_MSGSEND = YES;
				GCC_C_LANGUAGE_STANDARD = gnu11;
				GCC_NO_COMMON_BLOCKS = YES;
				GCC_WARN_64_TO_32_BIT_CONVERSION = YES;
				GCC_WARN_ABOUT_RETURN_TYPE = YES_ERROR;
				GCC_WARN_UNDECLARED_SELECTOR = YES;
				GCC_WARN_UNINITIALIZED_AUTOS = YES_AGGRESSIVE;
				GCC_WARN_UNUSED_FUNCTION = YES;
				GCC_WARN_UNUSED_VARIABLE = YES;
				IPHONEOS_DEPLOYMENT_TARGET = 16.2;
				MTL_ENABLE_DEBUG_INFO = NO;
				MTL_FAST_MATH = YES;
				SDKROOT = iphoneos;
				SWIFT_COMPILATION_MODE = wholemodule;
				SWIFT_OPTIMIZATION_LEVEL = "-O";
				VALIDATE_PRODUCT = YES;
			};
			name = Release;
		};
		4CCE7C8529BCC39B004543F2 /* Debug */ = {
			isa = XCBuildConfiguration;
			baseConfigurationReference = E5CC7BC6976CE849DF20D3D8 /* Pods-MedicinalReminder.debug.xcconfig */;
			buildSettings = {
				ASSETCATALOG_COMPILER_APPICON_NAME = AppIcon;
				ASSETCATALOG_COMPILER_GLOBAL_ACCENT_COLOR_NAME = AccentColor;
				CODE_SIGN_STYLE = Automatic;
				CURRENT_PROJECT_VERSION = 1;
				DEVELOPMENT_TEAM = S37CWSV96M;
				GENERATE_INFOPLIST_FILE = YES;
				INFOPLIST_FILE = MedicinalReminder/Info.plist;
				INFOPLIST_KEY_UIApplicationSupportsIndirectInputEvents = YES;
				INFOPLIST_KEY_UILaunchStoryboardName = LaunchScreen;
				INFOPLIST_KEY_UIMainStoryboardFile = Main;
				INFOPLIST_KEY_UISupportedInterfaceOrientations_iPad = "UIInterfaceOrientationPortrait UIInterfaceOrientationPortraitUpsideDown UIInterfaceOrientationLandscapeLeft UIInterfaceOrientationLandscapeRight";
				INFOPLIST_KEY_UISupportedInterfaceOrientations_iPhone = "UIInterfaceOrientationPortrait UIInterfaceOrientationLandscapeLeft UIInterfaceOrientationLandscapeRight";
				LD_RUNPATH_SEARCH_PATHS = (
					"$(inherited)",
					"@executable_path/Frameworks",
				);
				MARKETING_VERSION = 1.0;
				PRODUCT_BUNDLE_IDENTIFIER = com.Selever.MedicinalReminder;
				PRODUCT_NAME = "$(TARGET_NAME)";
				SWIFT_EMIT_LOC_STRINGS = YES;
				SWIFT_VERSION = 5.0;
				TARGETED_DEVICE_FAMILY = "1,2";
			};
			name = Debug;
		};
		4CCE7C8629BCC39B004543F2 /* Release */ = {
			isa = XCBuildConfiguration;
			baseConfigurationReference = 2363F44D84F028C8FE1C7791 /* Pods-MedicinalReminder.release.xcconfig */;
			buildSettings = {
				ASSETCATALOG_COMPILER_APPICON_NAME = AppIcon;
				ASSETCATALOG_COMPILER_GLOBAL_ACCENT_COLOR_NAME = AccentColor;
				CODE_SIGN_STYLE = Automatic;
				CURRENT_PROJECT_VERSION = 1;
				DEVELOPMENT_TEAM = S37CWSV96M;
				GENERATE_INFOPLIST_FILE = YES;
				INFOPLIST_FILE = MedicinalReminder/Info.plist;
				INFOPLIST_KEY_UIApplicationSupportsIndirectInputEvents = YES;
				INFOPLIST_KEY_UILaunchStoryboardName = LaunchScreen;
				INFOPLIST_KEY_UIMainStoryboardFile = Main;
				INFOPLIST_KEY_UISupportedInterfaceOrientations_iPad = "UIInterfaceOrientationPortrait UIInterfaceOrientationPortraitUpsideDown UIInterfaceOrientationLandscapeLeft UIInterfaceOrientationLandscapeRight";
				INFOPLIST_KEY_UISupportedInterfaceOrientations_iPhone = "UIInterfaceOrientationPortrait UIInterfaceOrientationLandscapeLeft UIInterfaceOrientationLandscapeRight";
				LD_RUNPATH_SEARCH_PATHS = (
					"$(inherited)",
					"@executable_path/Frameworks",
				);
				MARKETING_VERSION = 1.0;
				PRODUCT_BUNDLE_IDENTIFIER = com.Selever.MedicinalReminder;
				PRODUCT_NAME = "$(TARGET_NAME)";
				SWIFT_EMIT_LOC_STRINGS = YES;
				SWIFT_VERSION = 5.0;
				TARGETED_DEVICE_FAMILY = "1,2";
			};
			name = Release;
		};
/* End XCBuildConfiguration section */

/* Begin XCConfigurationList section */
		4CCE7C6829BCC399004543F2 /* Build configuration list for PBXProject "MedicinalReminder" */ = {
			isa = XCConfigurationList;
			buildConfigurations = (
				4CCE7C8229BCC39B004543F2 /* Debug */,
				4CCE7C8329BCC39B004543F2 /* Release */,
			);
			defaultConfigurationIsVisible = 0;
			defaultConfigurationName = Release;
		};
		4CCE7C8429BCC39B004543F2 /* Build configuration list for PBXNativeTarget "MedicinalReminder" */ = {
			isa = XCConfigurationList;
			buildConfigurations = (
				4CCE7C8529BCC39B004543F2 /* Debug */,
				4CCE7C8629BCC39B004543F2 /* Release */,
			);
			defaultConfigurationIsVisible = 0;
			defaultConfigurationName = Release;
		};
/* End XCConfigurationList section */

/* Begin XCVersionGroup section */
		4CCE7C7929BCC399004543F2 /* MedicinalReminder.xcdatamodeld */ = {
			isa = XCVersionGroup;
			children = (
				4CCE7C7A29BCC399004543F2 /* MedicinalReminder.xcdatamodel */,
			);
			currentVersion = 4CCE7C7A29BCC399004543F2 /* MedicinalReminder.xcdatamodel */;
			path = MedicinalReminder.xcdatamodeld;
			sourceTree = "<group>";
			versionGroupType = wrapper.xcdatamodel;
		};
/* End XCVersionGroup section */
	};
	rootObject = 4CCE7C6529BCC399004543F2 /* Project object */;
}
